
Microsoft Visual Studio Solution File, Format Version 12.00
# Visual Studio Version 17
VisualStudioVersion = 17.10.35027.167
MinimumVisualStudioVersion = 10.0.40219.1
Project("{FAE04EC0-301F-11D3-BF4B-00C04F79EFBC}") = "ARHIV", "ARHIV\ARHIV.csproj", "{0E651218-E180-48C7-9D95-7742781E9696}"
EndProject
Global
	GlobalSection(SolutionConfigurationPlatforms) = preSolution
		Debug|Any CPU = Debug|Any CPU
		Release|Any CPU = Release|Any CPU
	EndGlobalSection
	GlobalSection(ProjectConfigurationPlatforms) = postSolution
		{0E651218-E180-48C7-9D95-7742781E9696}.Debug|Any CPU.ActiveCfg = Debug|Any CPU
		{0E651218-E180-48C7-9D95-7742781E9696}.Debug|Any CPU.Build.0 = Debug|Any CPU
		{0E651218-E180-48C7-9D95-7742781E9696}.Release|Any CPU.ActiveCfg = Release|Any CPU
		{0E651218-E180-48C7-9D95-7742781E9696}.Release|Any CPU.Build.0 = Release|Any CPU
	EndGlobalSection
	GlobalSection(SolutionProperties) = preSolution
		HideSolutionNode = FALSE
	EndGlobalSection
	GlobalSection(ExtensibilityGlobals) = postSolution
		SolutionGuid = {AFA32242-510F-4426-9A97-1BBC30572BB9}
	EndGlobalSection
EndGlobal
